<?xml version="1.0" encoding="utf-8"?>
<Project ToolsVersion="4.0" xmlns="http://schemas.microsoft.com/developer/msbuild/2003">
  <ItemGroup>
    <Filter Include="Source Files">
      <UniqueIdentifier>{4FC737F1-C7A5-4376-A066-2A32D752A2FF}</UniqueIdentifier>
      <Extensions>cpp;c;cc;cxx;def;odl;idl;hpj;bat;asm;asmx</Extensions>
    </Filter>
    <Filter Include="Header Files">
      <UniqueIdentifier>{93995380-89BD-4b04-88EB-625FBE52EBFB}</UniqueIdentifier>
      <Extensions>h;hh;hpp;hxx;hm;inl;inc;xsd</Extensions>
    </Filter>
    <Filter Include="Resource Files">
      <UniqueIdentifier>{67DA6AB6-F800-4c08-8B7A-83BB121AAD01}</UniqueIdentifier>
      <Extensions>rc;ico;cur;bmp;dlg;rc2;rct;bin;rgs;gif;jpg;jpeg;jpe;resx;tiff;tif;png;wav;mfcribbon-ms</Extensions>
    </Filter>
    <Filter Include="Header Files\ParticleSystem">
      <UniqueIdentifier>{7be6141a-9428-4955-9c80-54d2d45bc407}</UniqueIdentifier>
    </Filter>
    <Filter Include="Source Files\ParticleSystem">
      <UniqueIdentifier>{bad15bf6-299e-4b45-88b7-2e2f8272bcfe}</UniqueIdentifier>
    </Filter>
    <Filter Include="Header Files\Blocks">
      <UniqueIdentifier>{9f3a5965-3b56-4ab6-ba0e-4297e8bf191d}</UniqueIdentifier>
    </Filter>
    <Filter Include="Source Files\Blocks">
      <UniqueIdentifier>{74ba8f60-311b-4f63-97d7-3af07db16226}</UniqueIdentifier>
    </Filter>
    <Filter Include="Resource Files\Icon">
      <UniqueIdentifier>{6b7733ae-2041-4383-8fc2-72f1ffd9a19a}</UniqueIdentifier>
    </Filter>
    <Filter Include="Header Files\ObjectTypes">
      <UniqueIdentifier>{4c2eec49-cbe5-4a51-a46c-d64b04bdc8e0}</UniqueIdentifier>
    </Filter>
    <Filter Include="Source Files\ObjectTypes">
      <UniqueIdentifier>{d402d120-0906-423d-bc83-3d3f3b87ee42}</UniqueIdentifier>
    </Filter>
    <Filter Include="Header Files\TechTree">
      <UniqueIdentifier>{7a467b49-55cd-4b61-a8ca-e656cb2fbbfb}</UniqueIdentifier>
    </Filter>
    <Filter Include="Source Files\TechTree">
      <UniqueIdentifier>{5fdc1556-caab-4956-8eb7-ac4e22518945}</UniqueIdentifier>
    </Filter>
    <Filter Include="Source Files\Boss">
      <UniqueIdentifier>{893fb9ef-86ff-4e78-a5c8-c7bbf6be2c31}</UniqueIdentifier>
    </Filter>
    <Filter Include="Header Files\Boss">
      <UniqueIdentifier>{2b9fedc1-ecf1-4046-895b-7e76ba816bf1}</UniqueIdentifier>
    </Filter>
  </ItemGroup>
  <ItemGroup>
    <ClCompile Include="BOSystem.cpp">
      <Filter>Source Files</Filter>
    </ClCompile>
    <ClCompile Include="BOMain.cpp">
      <Filter>Source Files</Filter>
    </ClCompile>
    <ClCompile Include="BOWindow.cpp">
      <Filter>Source Files</Filter>
    </ClCompile>
    <ClCompile Include="BOComponent.cpp">
      <Filter>Source Files</Filter>
    </ClCompile>
    <ClCompile Include="BOGraphicInterface.cpp">
      <Filter>Source Files</Filter>
    </ClCompile>
    <ClCompile Include="BOInput.cpp">
      <Filter>Source Files</Filter>
    </ClCompile>
    <ClCompile Include="BOBlackHole.cpp">
      <Filter>Source Files</Filter>
    </ClCompile>
    <ClCompile Include="BOObjectManager.cpp">
      <Filter>Source Files</Filter>
    </ClCompile>
    <ClCompile Include="BOPublisher.cpp">
      <Filter>Source Files</Filter>
    </ClCompile>
    <ClCompile Include="BOSubscriber.cpp">
      <Filter>Source Files</Filter>
    </ClCompile>
    <ClCompile Include="BOBall.cpp">
      <Filter>Source Files</Filter>
    </ClCompile>
    <ClCompile Include="BOPhysics.cpp">
      <Filter>Source Files</Filter>
    </ClCompile>
    <ClCompile Include="BOPaddle.cpp">
      <Filter>Source Files</Filter>
    </ClCompile>
    <ClCompile Include="BOTimer.cpp">
      <Filter>Source Files</Filter>
    </ClCompile>
    <ClCompile Include="BOBackground.cpp">
      <Filter>Source Files</Filter>
    </ClCompile>
    <ClCompile Include="BOMapLoader.cpp">
      <Filter>Source Files</Filter>
    </ClCompile>
    <ClCompile Include="BOPowerUp.cpp">
      <Filter>Source Files</Filter>
    </ClCompile>
    <ClCompile Include="BOPowerUpManager.cpp">
      <Filter>Source Files</Filter>
    </ClCompile>
    <ClCompile Include="BOShield.cpp">
      <Filter>Source Files</Filter>
    </ClCompile>
    <ClCompile Include="BOState.cpp">
      <Filter>Source Files</Filter>
    </ClCompile>
    <ClCompile Include="BOButton.cpp">
      <Filter>Source Files</Filter>
    </ClCompile>
    <ClCompile Include="BOStateManager.cpp">
      <Filter>Source Files</Filter>
    </ClCompile>
    <ClCompile Include="BOSoundManager.cpp">
      <Filter>Source Files</Filter>
    </ClCompile>
    <ClCompile Include="BODrawableText.cpp">
      <Filter>Source Files</Filter>
    </ClCompile>
    <ClCompile Include="BOTextManager.cpp">
      <Filter>Source Files</Filter>
    </ClCompile>
    <ClCompile Include="BOHUDManager.cpp">
      <Filter>Source Files</Filter>
    </ClCompile>
    <ClCompile Include="BOPUSubscriber.cpp">
      <Filter>Source Files</Filter>
    </ClCompile>
    <ClCompile Include="BOParticleSystem.cpp">
      <Filter>Source Files\ParticleSystem</Filter>
    </ClCompile>
    <ClCompile Include="BOMovingParticle.cpp">
      <Filter>Source Files\ParticleSystem</Filter>
    </ClCompile>
    <ClCompile Include="BOStationaryParticle.cpp">
      <Filter>Source Files\ParticleSystem</Filter>
    </ClCompile>
    <ClCompile Include="BOScore.cpp">
      <Filter>Source Files</Filter>
    </ClCompile>
    <ClCompile Include="BOBlock.cpp">
      <Filter>Source Files\Blocks</Filter>
    </ClCompile>
    <ClCompile Include="BOBlockIron.cpp">
      <Filter>Source Files\Blocks</Filter>
    </ClCompile>
    <ClCompile Include="BOBlockMultiTexture.cpp">
      <Filter>Source Files\Blocks</Filter>
    </ClCompile>
    <ClCompile Include="BOTextureManager.cpp">
      <Filter>Source Files</Filter>
    </ClCompile>
    <ClCompile Include="BOKeyManager.cpp">
      <Filter>Source Files</Filter>
    </ClCompile>
    <ClCompile Include="BOAnimatedObject.cpp">
      <Filter>Source Files\ObjectTypes</Filter>
    </ClCompile>
    <ClCompile Include="BOObject.cpp">
      <Filter>Source Files\ObjectTypes</Filter>
    </ClCompile>
    <ClCompile Include="BOSlowTime.cpp">
      <Filter>Source Files</Filter>
    </ClCompile>
    <ClCompile Include="BOShockwave.cpp">
      <Filter>Source Files</Filter>
    </ClCompile>
    <ClCompile Include="BOTechTreeNode.cpp">
      <Filter>Source Files\TechTree</Filter>
    </ClCompile>
    <ClCompile Include="BOTechTreeManager.cpp">
      <Filter>Source Files\TechTree</Filter>
    </ClCompile>
    <ClCompile Include="BOTechTreeEffects.cpp">
      <Filter>Source Files\TechTree</Filter>
    </ClCompile>
    <ClCompile Include="BOLevelManager.cpp">
      <Filter>Source Files</Filter>
    </ClCompile>
    <ClCompile Include="BOBoss.cpp">
      <Filter>Source Files\Boss</Filter>
    </ClCompile>
    <ClCompile Include="BOBlockManager.cpp">
      <Filter>Source Files\Boss</Filter>
    </ClCompile>
    <ClCompile Include="BOGlobals.cpp">
      <Filter>Source Files</Filter>
    </ClCompile>
    <ClCompile Include="BOBossSegment.cpp">
      <Filter>Source Files\Boss</Filter>
    </ClCompile>
    <ClCompile Include="BOBossInvader.cpp">
      <Filter>Source Files\Boss</Filter>
    </ClCompile>
  </ItemGroup>
  <ItemGroup>
    <ClInclude Include="BOSystem.h">
      <Filter>Header Files</Filter>
    </ClInclude>
    <ClInclude Include="BOComponent.h">
      <Filter>Header Files</Filter>
    </ClInclude>
    <ClInclude Include="BOGraphicInterface.h">
      <Filter>Header Files</Filter>
    </ClInclude>
    <ClInclude Include="BOUtility.h">
      <Filter>Header Files</Filter>
    </ClInclude>
    <ClInclude Include="BOInput.h">
      <Filter>Header Files</Filter>
    </ClInclude>
    <ClInclude Include="BOBlackHole.h">
      <Filter>Header Files</Filter>
    </ClInclude>
    <ClInclude Include="BOObjectManager.h">
      <Filter>Header Files</Filter>
    </ClInclude>
    <ClInclude Include="BOPublisher.h">
      <Filter>Header Files</Filter>
    </ClInclude>
    <ClInclude Include="BOSubscriber.h">
      <Filter>Header Files</Filter>
    </ClInclude>
    <ClInclude Include="BOWindow.h">
      <Filter>Header Files</Filter>
    </ClInclude>
    <ClInclude Include="BOBall.h">
      <Filter>Header Files</Filter>
    </ClInclude>
    <ClInclude Include="BOPhysics.h">
      <Filter>Header Files</Filter>
    </ClInclude>
    <ClInclude Include="BOPaddle.h">
      <Filter>Header Files</Filter>
    </ClInclude>
    <ClInclude Include="BOTimer.h">
      <Filter>Header Files</Filter>
    </ClInclude>
    <ClInclude Include="BOBackground.h">
      <Filter>Header Files</Filter>
    </ClInclude>
    <ClInclude Include="BOPowerUp.h">
      <Filter>Header Files</Filter>
    </ClInclude>
    <ClInclude Include="BOMapLoader.h">
      <Filter>Header Files</Filter>
    </ClInclude>
    <ClInclude Include="BOPowerUp.h">
      <Filter>Header Files</Filter>
    </ClInclude>
    <ClInclude Include="BOPowerUpManager.h">
      <Filter>Header Files</Filter>
    </ClInclude>
    <ClInclude Include="BOShield.h">
      <Filter>Header Files</Filter>
    </ClInclude>
    <ClInclude Include="BOButton.h">
      <Filter>Header Files</Filter>
    </ClInclude>
    <ClInclude Include="BOState.h">
      <Filter>Header Files</Filter>
    </ClInclude>
    <ClInclude Include="BOStateManager.h">
      <Filter>Header Files</Filter>
    </ClInclude>
    <ClInclude Include="BOSoundManager.h">
      <Filter>Header Files</Filter>
    </ClInclude>
    <ClInclude Include="BODrawableText.h">
      <Filter>Header Files</Filter>
    </ClInclude>
    <ClInclude Include="BOTextManager.h">
      <Filter>Header Files</Filter>
    </ClInclude>
    <ClInclude Include="BOHUDManager.h">
      <Filter>Header Files</Filter>
    </ClInclude>
    <ClInclude Include="BOPUSubscriber.h">
      <Filter>Header Files</Filter>
    </ClInclude>
    <ClInclude Include="BOParticleSystem.h">
      <Filter>Header Files\ParticleSystem</Filter>
    </ClInclude>
    <ClInclude Include="BOStationaryParticle.h">
      <Filter>Header Files\ParticleSystem</Filter>
    </ClInclude>
    <ClInclude Include="BOMovingParticle.h">
      <Filter>Header Files\ParticleSystem</Filter>
    </ClInclude>
    <ClInclude Include="BOScore.h">
      <Filter>Header Files</Filter>
    </ClInclude>
    <ClInclude Include="BOBlock.h">
      <Filter>Header Files\Blocks</Filter>
    </ClInclude>
    <ClInclude Include="BOBlockIron.h">
      <Filter>Header Files\Blocks</Filter>
    </ClInclude>
    <ClInclude Include="BOBlockMultiTexture.h">
      <Filter>Header Files\Blocks</Filter>
    </ClInclude>
    <ClInclude Include="resource.h">
      <Filter>Header Files</Filter>
    </ClInclude>
    <ClInclude Include="BOTextureManager.h">
      <Filter>Header Files</Filter>
    </ClInclude>
    <ClInclude Include="BOKeyManager.h">
      <Filter>Header Files</Filter>
    </ClInclude>
    <ClInclude Include="BOAnimatedObject.h">
      <Filter>Header Files\ObjectTypes</Filter>
    </ClInclude>
    <ClInclude Include="BOObject.h">
      <Filter>Header Files\ObjectTypes</Filter>
    </ClInclude>
    <ClInclude Include="BOSlowTime.h">
      <Filter>Header Files</Filter>
    </ClInclude>
    <ClInclude Include="BOShockwave.h">
      <Filter>Header Files</Filter>
    </ClInclude>
    <ClInclude Include="BOTechTreeNode.h">
      <Filter>Header Files\TechTree</Filter>
    </ClInclude>
    <ClInclude Include="BOTechTreeManager.h">
      <Filter>Header Files\TechTree</Filter>
    </ClInclude>
    <ClInclude Include="BOTechTreeEffects.h">
      <Filter>Header Files\TechTree</Filter>
    </ClInclude>
    <ClInclude Include="BOLevelManager.h">
      <Filter>Header Files</Filter>
    </ClInclude>
    <ClInclude Include="BOBoss.h">
      <Filter>Header Files\Boss</Filter>
    </ClInclude>
    <ClInclude Include="BOBlockManager.h">
      <Filter>Header Files\Boss</Filter>
    </ClInclude>
    <ClInclude Include="BOGlobals.h">
      <Filter>Header Files</Filter>
    </ClInclude>
    <ClInclude Include="BOBossSegment.h">
      <Filter>Header Files\Boss</Filter>
    </ClInclude>
    <ClInclude Include="BOBossInvader.h">
      <Filter>Header Files\Boss</Filter>
    </ClInclude>
  </ItemGroup>
  <ItemGroup>
    <None Include="Maps\Empty.bom">
      <Filter>Resource Files\Icon</Filter>
    </None>
    <None Include="Maps\Filled.bom">
      <Filter>Resource Files\Icon</Filter>
    </None>
    <None Include="Maps\Demo.bom">
      <Filter>Resource Files\Icon</Filter>
    </None>
  </ItemGroup>
  <ItemGroup>
    <ResourceCompile Include="BO360.rc">
      <Filter>Resource Files</Filter>
    </ResourceCompile>
  </ItemGroup>
  <ItemGroup>
    <Image Include="icon1.ico">
      <Filter>Resource Files</Filter>
    </Image>
  </ItemGroup>
</Project>