<?xml version="1.0" encoding="utf-8"?>
<Project ToolsVersion="4.0" xmlns="http://schemas.microsoft.com/developer/msbuild/2003">
  <ItemGroup>
    <Filter Include="Source Files">
      <UniqueIdentifier>{4FC737F1-C7A5-4376-A066-2A32D752A2FF}</UniqueIdentifier>
      <Extensions>cpp;c;cc;cxx;def;odl;idl;hpj;bat;asm;asmx</Extensions>
    </Filter>
    <Filter Include="Header Files">
      <UniqueIdentifier>{93995380-89BD-4b04-88EB-625FBE52EBFB}</UniqueIdentifier>
      <Extensions>h;hh;hpp;hxx;hm;inl;inc;xsd</Extensions>
    </Filter>
    <Filter Include="Resource Files">
      <UniqueIdentifier>{67DA6AB6-F800-4c08-8B7A-83BB121AAD01}</UniqueIdentifier>
      <Extensions>rc;ico;cur;bmp;dlg;rc2;rct;bin;rgs;gif;jpg;jpeg;jpe;resx;tiff;tif;png;wav;mfcribbon-ms</Extensions>
    </Filter>
  </ItemGroup>
  <ItemGroup>
    <ClCompile Include="BOSystem.cpp">
      <Filter>Source Files</Filter>
    </ClCompile>
    <ClCompile Include="BOMain.cpp">
      <Filter>Source Files</Filter>
    </ClCompile>
    <ClCompile Include="BOWindow.cpp">
      <Filter>Source Files</Filter>
    </ClCompile>
    <ClCompile Include="BOComponent.cpp">
      <Filter>Source Files</Filter>
    </ClCompile>
    <ClCompile Include="BOGraphicInterface.cpp">
      <Filter>Source Files</Filter>
    </ClCompile>
    <ClCompile Include="BOObject.cpp">
      <Filter>Source Files</Filter>
    </ClCompile>
    <ClCompile Include="BOInput.cpp">
      <Filter>Source Files</Filter>
    </ClCompile>
    <ClCompile Include="BOBlackHole.cpp">
      <Filter>Source Files</Filter>
    </ClCompile>
    <ClCompile Include="BOObjectManager.cpp">
      <Filter>Source Files</Filter>
    </ClCompile>
    <ClCompile Include="BOPublisher.cpp">
      <Filter>Source Files</Filter>
    </ClCompile>
    <ClCompile Include="BOSubscriber.cpp">
      <Filter>Source Files</Filter>
    </ClCompile>
    <ClCompile Include="BOBall.cpp">
      <Filter>Source Files</Filter>
    </ClCompile>
    <ClCompile Include="BOPhysics.cpp">
      <Filter>Source Files</Filter>
    </ClCompile>
    <ClCompile Include="BOPaddle.cpp">
      <Filter>Source Files</Filter>
    </ClCompile>
    <ClCompile Include="BOBlock.cpp">
      <Filter>Source Files</Filter>
    </ClCompile>
    <ClCompile Include="BOTimer.cpp">
      <Filter>Source Files</Filter>
    </ClCompile>
  </ItemGroup>
  <ItemGroup>
    <ClInclude Include="BOSystem.h">
      <Filter>Header Files</Filter>
    </ClInclude>
    <ClInclude Include="BOComponent.h">
      <Filter>Header Files</Filter>
    </ClInclude>
    <ClInclude Include="BOGraphicInterface.h">
      <Filter>Header Files</Filter>
    </ClInclude>
    <ClInclude Include="BOObject.h">
      <Filter>Header Files</Filter>
    </ClInclude>
    <ClInclude Include="BOUtility.h">
      <Filter>Header Files</Filter>
    </ClInclude>
    <ClInclude Include="BOInput.h">
      <Filter>Header Files</Filter>
    </ClInclude>
    <ClInclude Include="BOBlackHole.h">
      <Filter>Header Files</Filter>
    </ClInclude>
    <ClInclude Include="BOObjectManager.h">
      <Filter>Header Files</Filter>
    </ClInclude>
    <ClInclude Include="BOPublisher.h">
      <Filter>Header Files</Filter>
    </ClInclude>
    <ClInclude Include="BOSubscriber.h">
      <Filter>Header Files</Filter>
    </ClInclude>
    <ClInclude Include="BOWindow.h">
      <Filter>Header Files</Filter>
    </ClInclude>
    <ClInclude Include="BOBall.h">
      <Filter>Header Files</Filter>
    </ClInclude>
    <ClInclude Include="BOPhysics.h">
      <Filter>Header Files</Filter>
    </ClInclude>
    <ClInclude Include="BOPaddle.h">
      <Filter>Header Files</Filter>
    </ClInclude>
    <ClInclude Include="BOBlock.h">
      <Filter>Header Files</Filter>
    </ClInclude>
    <ClInclude Include="BOTimer.h">
      <Filter>Header Files</Filter>
    </ClInclude>
  </ItemGroup>
</Project>