<?xml version="1.0" encoding="utf-8"?>
<Project ToolsVersion="4.0" xmlns="http://schemas.microsoft.com/developer/msbuild/2003">
  <ItemGroup>
    <Filter Include="Source Files">
      <UniqueIdentifier>{4FC737F1-C7A5-4376-A066-2A32D752A2FF}</UniqueIdentifier>
      <Extensions>cpp;c;cc;cxx;def;odl;idl;hpj;bat;asm;asmx</Extensions>
    </Filter>
    <Filter Include="Header Files">
      <UniqueIdentifier>{93995380-89BD-4b04-88EB-625FBE52EBFB}</UniqueIdentifier>
      <Extensions>h;hh;hpp;hxx;hm;inl;inc;xsd</Extensions>
    </Filter>
    <Filter Include="Resource Files">
      <UniqueIdentifier>{67DA6AB6-F800-4c08-8B7A-83BB121AAD01}</UniqueIdentifier>
      <Extensions>rc;ico;cur;bmp;dlg;rc2;rct;bin;rgs;gif;jpg;jpeg;jpe;resx;tiff;tif;png;wav;mfcribbon-ms</Extensions>
    </Filter>
    <Filter Include="Resource Files\Maps">
      <UniqueIdentifier>{6b7733ae-2041-4383-8fc2-72f1ffd9a19a}</UniqueIdentifier>
    </Filter>
  </ItemGroup>
  <ItemGroup>
    <ClCompile Include="BOSystem.cpp">
      <Filter>Source Files</Filter>
    </ClCompile>
    <ClCompile Include="BOMain.cpp">
      <Filter>Source Files</Filter>
    </ClCompile>
    <ClCompile Include="BOWindow.cpp">
      <Filter>Source Files</Filter>
    </ClCompile>
    <ClCompile Include="BOComponent.cpp">
      <Filter>Source Files</Filter>
    </ClCompile>
    <ClCompile Include="BOGraphicInterface.cpp">
      <Filter>Source Files</Filter>
    </ClCompile>
    <ClCompile Include="BOObject.cpp">
      <Filter>Source Files</Filter>
    </ClCompile>
    <ClCompile Include="BOInput.cpp">
      <Filter>Source Files</Filter>
    </ClCompile>
    <ClCompile Include="BOBlackHole.cpp">
      <Filter>Source Files</Filter>
    </ClCompile>
    <ClCompile Include="BOObjectManager.cpp">
      <Filter>Source Files</Filter>
    </ClCompile>
    <ClCompile Include="BOPublisher.cpp">
      <Filter>Source Files</Filter>
    </ClCompile>
    <ClCompile Include="BOSubscriber.cpp">
      <Filter>Source Files</Filter>
    </ClCompile>
    <ClCompile Include="BOBall.cpp">
      <Filter>Source Files</Filter>
    </ClCompile>
    <ClCompile Include="BOPhysics.cpp">
      <Filter>Source Files</Filter>
    </ClCompile>
    <ClCompile Include="BOPaddle.cpp">
      <Filter>Source Files</Filter>
    </ClCompile>
    <ClCompile Include="BOBlock.cpp">
      <Filter>Source Files</Filter>
    </ClCompile>
    <ClCompile Include="BOTimer.cpp">
      <Filter>Source Files</Filter>
    </ClCompile>
    <ClCompile Include="BOBackground.cpp">
      <Filter>Source Files</Filter>
    </ClCompile>
    <ClCompile Include="BOMapLoader.cpp">
      <Filter>Source Files</Filter>
    </ClCompile>
    <ClCompile Include="BOPowerUp.cpp">
      <Filter>Source Files</Filter>
    </ClCompile>
    <ClCompile Include="BOPowerUpManager.cpp">
      <Filter>Source Files</Filter>
    </ClCompile>
    <ClCompile Include="BOShield.cpp">
      <Filter>Source Files</Filter>
    </ClCompile>
    <ClCompile Include="BOState.cpp">
      <Filter>Source Files</Filter>
    </ClCompile>
    <ClCompile Include="BOButton.cpp">
      <Filter>Source Files</Filter>
    </ClCompile>
    <ClCompile Include="BOStateManager.cpp">
      <Filter>Source Files</Filter>
    </ClCompile>
    <ClCompile Include="BOSoundManager.cpp">
      <Filter>Source Files</Filter>
    </ClCompile>
    <ClCompile Include="BODrawableText.cpp">
      <Filter>Source Files</Filter>
    </ClCompile>
    <ClCompile Include="BOTextManager.cpp">
      <Filter>Source Files</Filter>
    </ClCompile>
    <ClCompile Include="BOHUDManager.cpp">
      <Filter>Source Files</Filter>
    </ClCompile>
    <ClCompile Include="BOPUSubscriber.cpp">
      <Filter>Source Files</Filter>
    </ClCompile>
    <ClCompile Include="BOMultiballs.cpp">
      <Filter>Source Files</Filter>
    </ClCompile>
    <ClCompile Include="BOShieldPU.cpp">
      <Filter>Source Files</Filter>
    </ClCompile>
  </ItemGroup>
  <ItemGroup>
    <ClInclude Include="BOSystem.h">
      <Filter>Header Files</Filter>
    </ClInclude>
    <ClInclude Include="BOComponent.h">
      <Filter>Header Files</Filter>
    </ClInclude>
    <ClInclude Include="BOGraphicInterface.h">
      <Filter>Header Files</Filter>
    </ClInclude>
    <ClInclude Include="BOObject.h">
      <Filter>Header Files</Filter>
    </ClInclude>
    <ClInclude Include="BOUtility.h">
      <Filter>Header Files</Filter>
    </ClInclude>
    <ClInclude Include="BOInput.h">
      <Filter>Header Files</Filter>
    </ClInclude>
    <ClInclude Include="BOBlackHole.h">
      <Filter>Header Files</Filter>
    </ClInclude>
    <ClInclude Include="BOObjectManager.h">
      <Filter>Header Files</Filter>
    </ClInclude>
    <ClInclude Include="BOPublisher.h">
      <Filter>Header Files</Filter>
    </ClInclude>
    <ClInclude Include="BOSubscriber.h">
      <Filter>Header Files</Filter>
    </ClInclude>
    <ClInclude Include="BOWindow.h">
      <Filter>Header Files</Filter>
    </ClInclude>
    <ClInclude Include="BOBall.h">
      <Filter>Header Files</Filter>
    </ClInclude>
    <ClInclude Include="BOPhysics.h">
      <Filter>Header Files</Filter>
    </ClInclude>
    <ClInclude Include="BOPaddle.h">
      <Filter>Header Files</Filter>
    </ClInclude>
    <ClInclude Include="BOBlock.h">
      <Filter>Header Files</Filter>
    </ClInclude>
    <ClInclude Include="BOTimer.h">
      <Filter>Header Files</Filter>
    </ClInclude>
    <ClInclude Include="BOBackground.h">
      <Filter>Header Files</Filter>
    </ClInclude>
    <ClInclude Include="BOPowerUp.h">
      <Filter>Header Files</Filter>
    </ClInclude>
    <ClInclude Include="BOMapLoader.h">
      <Filter>Header Files</Filter>
    </ClInclude>
    <ClInclude Include="BOPowerUp.h">
      <Filter>Header Files</Filter>
    </ClInclude>
    <ClInclude Include="BOPowerUpManager.h">
      <Filter>Header Files</Filter>
    </ClInclude>
    <ClInclude Include="BOShield.h">
      <Filter>Header Files</Filter>
    </ClInclude>
    <ClInclude Include="BOButton.h">
      <Filter>Header Files</Filter>
    </ClInclude>
    <ClInclude Include="BOState.h">
      <Filter>Header Files</Filter>
    </ClInclude>
    <ClInclude Include="BOStateManager.h">
      <Filter>Header Files</Filter>
    </ClInclude>
    <ClInclude Include="BOSoundManager.h">
      <Filter>Header Files</Filter>
    </ClInclude>
    <ClInclude Include="BODrawableText.h">
      <Filter>Header Files</Filter>
    </ClInclude>
    <ClInclude Include="BOTextManager.h">
      <Filter>Header Files</Filter>
    </ClInclude>
    <ClInclude Include="BOHUDManager.h">
      <Filter>Header Files</Filter>
    </ClInclude>
    <ClInclude Include="BOPUSubscriber.h">
      <Filter>Header Files</Filter>
    </ClInclude>
    <ClInclude Include="BOMultiballs.h">
      <Filter>Header Files</Filter>
    </ClInclude>
    <ClInclude Include="BOShieldPU.h">
      <Filter>Header Files</Filter>
    </ClInclude>
  </ItemGroup>
  <ItemGroup>
    <None Include="Maps\Empty.bom">
      <Filter>Resource Files\Maps</Filter>
    </None>
    <None Include="Maps\Filled.bom">
      <Filter>Resource Files\Maps</Filter>
    </None>
    <None Include="Maps\Default.bom">
      <Filter>Resource Files\Maps</Filter>
    </None>
  </ItemGroup>
</Project>